
Microsoft Visual Studio Solution File, Format Version 12.00
# Visual Studio 14
VisualStudioVersion = 14.0.25420.1
MinimumVisualStudioVersion = 10.0.40219.1
Project("{FAE04EC0-301F-11D3-BF4B-00C04F79EFBC}") = "DatedQuickSaves", "Dated_QuickSaves\DatedQuickSaves.csproj", "{A8211030-BF7F-42BF-A7C2-8C4D31A8E696}"
EndProject
Project("{FAE04EC0-301F-11D3-BF4B-00C04F79EFBC}") = "SensibleScreenshot", "Sensible_Screenshot\SensibleScreenshot.csproj", "{9D1ADE92-8916-4060-93F2-21DB91E8CA00}"
EndProject
Project("{FAE04EC0-301F-11D3-BF4B-00C04F79EFBC}") = "TreeToppler", "TreeToppler\TreeToppler.csproj", "{836A9667-2C1D-4810-932F-0BEEA26ECDB7}"
EndProject
Project("{FAE04EC0-301F-11D3-BF4B-00C04F79EFBC}") = "ShipSaveSplicer", "ShipSaveSplicer\ShipSaveSplicer.csproj", "{00724594-164A-4D6F-AD64-254F81231A9A}"
EndProject
Project("{FAE04EC0-301F-11D3-BF4B-00C04F79EFBC}") = "EditorTime", "EditorTime\EditorTime.csproj", "{1E93E0F6-CC8E-46F5-A038-A75BBA9B4FA2}"
EndProject
Project("{FAE04EC0-301F-11D3-BF4B-00C04F79EFBC}") = "Wwwwwwwww", "Wwwwwwwww\Wwwwwwwww.csproj", "{CDB9A24D-2BB5-4E8E-BD6B-60075E60F6B5}"
EndProject
Project("{FAE04EC0-301F-11D3-BF4B-00C04F79EFBC}") = "NotInMyBackYard", "NotInMyBackYard\NotInMyBackYard.csproj", "{9A0E332D-7D94-4A6F-9290-117FFFA08284}"
EndProject
Global
	GlobalSection(SolutionConfigurationPlatforms) = preSolution
		Debug|Any CPU = Debug|Any CPU
		Release|Any CPU = Release|Any CPU
	EndGlobalSection
	GlobalSection(ProjectConfigurationPlatforms) = postSolution
		{A8211030-BF7F-42BF-A7C2-8C4D31A8E696}.Debug|Any CPU.ActiveCfg = Debug|Any CPU
		{A8211030-BF7F-42BF-A7C2-8C4D31A8E696}.Debug|Any CPU.Build.0 = Debug|Any CPU
		{A8211030-BF7F-42BF-A7C2-8C4D31A8E696}.Release|Any CPU.ActiveCfg = Release|Any CPU
		{A8211030-BF7F-42BF-A7C2-8C4D31A8E696}.Release|Any CPU.Build.0 = Release|Any CPU
		{9D1ADE92-8916-4060-93F2-21DB91E8CA00}.Debug|Any CPU.ActiveCfg = Debug|Any CPU
		{9D1ADE92-8916-4060-93F2-21DB91E8CA00}.Debug|Any CPU.Build.0 = Debug|Any CPU
		{9D1ADE92-8916-4060-93F2-21DB91E8CA00}.Release|Any CPU.ActiveCfg = Release|Any CPU
		{9D1ADE92-8916-4060-93F2-21DB91E8CA00}.Release|Any CPU.Build.0 = Release|Any CPU
		{836A9667-2C1D-4810-932F-0BEEA26ECDB7}.Debug|Any CPU.ActiveCfg = Debug|Any CPU
		{836A9667-2C1D-4810-932F-0BEEA26ECDB7}.Debug|Any CPU.Build.0 = Debug|Any CPU
		{836A9667-2C1D-4810-932F-0BEEA26ECDB7}.Release|Any CPU.ActiveCfg = Release|Any CPU
		{836A9667-2C1D-4810-932F-0BEEA26ECDB7}.Release|Any CPU.Build.0 = Release|Any CPU
		{00724594-164A-4D6F-AD64-254F81231A9A}.Debug|Any CPU.ActiveCfg = Debug|Any CPU
		{00724594-164A-4D6F-AD64-254F81231A9A}.Debug|Any CPU.Build.0 = Debug|Any CPU
		{00724594-164A-4D6F-AD64-254F81231A9A}.Release|Any CPU.ActiveCfg = Release|Any CPU
		{00724594-164A-4D6F-AD64-254F81231A9A}.Release|Any CPU.Build.0 = Release|Any CPU
		{1E93E0F6-CC8E-46F5-A038-A75BBA9B4FA2}.Debug|Any CPU.ActiveCfg = Debug|Any CPU
		{1E93E0F6-CC8E-46F5-A038-A75BBA9B4FA2}.Debug|Any CPU.Build.0 = Debug|Any CPU
		{1E93E0F6-CC8E-46F5-A038-A75BBA9B4FA2}.Release|Any CPU.ActiveCfg = Release|Any CPU
		{1E93E0F6-CC8E-46F5-A038-A75BBA9B4FA2}.Release|Any CPU.Build.0 = Release|Any CPU
		{CDB9A24D-2BB5-4E8E-BD6B-60075E60F6B5}.Debug|Any CPU.ActiveCfg = Debug|Any CPU
		{CDB9A24D-2BB5-4E8E-BD6B-60075E60F6B5}.Debug|Any CPU.Build.0 = Debug|Any CPU
		{CDB9A24D-2BB5-4E8E-BD6B-60075E60F6B5}.Release|Any CPU.ActiveCfg = Release|Any CPU
		{CDB9A24D-2BB5-4E8E-BD6B-60075E60F6B5}.Release|Any CPU.Build.0 = Release|Any CPU
		{9A0E332D-7D94-4A6F-9290-117FFFA08284}.Debug|Any CPU.ActiveCfg = Debug|Any CPU
		{9A0E332D-7D94-4A6F-9290-117FFFA08284}.Debug|Any CPU.Build.0 = Debug|Any CPU
		{9A0E332D-7D94-4A6F-9290-117FFFA08284}.Release|Any CPU.ActiveCfg = Release|Any CPU
		{9A0E332D-7D94-4A6F-9290-117FFFA08284}.Release|Any CPU.Build.0 = Release|Any CPU
	EndGlobalSection
	GlobalSection(SolutionProperties) = preSolution
		HideSolutionNode = FALSE
	EndGlobalSection
EndGlobal
